// !$*UTF8*$!
{
	archiveVersion = 1;
	classes = {
	};
	objectVersion = 52;
	objects = {

/* Begin PBXBuildFile section */
		B830ED3925F71C4A00E66EF6 /* LiquidSwipe.swift in Sources */ = {isa = PBXBuildFile; fileRef = B830ED3725F71C4A00E66EF6 /* LiquidSwipe.swift */; };
		B830ED3A25F71C4A00E66EF6 /* ProfilePage.swift in Sources */ = {isa = PBXBuildFile; fileRef = B830ED3825F71C4A00E66EF6 /* ProfilePage.swift */; };
		B830ED4225F71C6500E66EF6 /* Login.swift in Sources */ = {isa = PBXBuildFile; fileRef = B830ED3D25F71C6500E66EF6 /* Login.swift */; };
		B830ED4325F71C6500E66EF6 /* Register.swift in Sources */ = {isa = PBXBuildFile; fileRef = B830ED3E25F71C6500E66EF6 /* Register.swift */; };
		B830ED4425F71C6500E66EF6 /* Onboarding.swift in Sources */ = {isa = PBXBuildFile; fileRef = B830ED3F25F71C6500E66EF6 /* Onboarding.swift */; };
		B830ED4525F71C6500E66EF6 /* RoomCode.swift in Sources */ = {isa = PBXBuildFile; fileRef = B830ED4025F71C6500E66EF6 /* RoomCode.swift */; };
		B830ED4625F71C6500E66EF6 /* HeaderBar.swift in Sources */ = {isa = PBXBuildFile; fileRef = B830ED4125F71C6500E66EF6 /* HeaderBar.swift */; };
		B830ED4A25F71CC600E66EF6 /* ColorHex.swift in Sources */ = {isa = PBXBuildFile; fileRef = B830ED4925F71CC600E66EF6 /* ColorHex.swift */; };
		B83C6B9125D76A5700F34041 /* MediaMatcherApp.swift in Sources */ = {isa = PBXBuildFile; fileRef = B83C6B9025D76A5700F34041 /* MediaMatcherApp.swift */; };
		B83C6B9325D76A5700F34041 /* ContentView.swift in Sources */ = {isa = PBXBuildFile; fileRef = B83C6B9225D76A5700F34041 /* ContentView.swift */; };
		B83C6B9525D76A5A00F34041 /* Assets.xcassets in Resources */ = {isa = PBXBuildFile; fileRef = B83C6B9425D76A5A00F34041 /* Assets.xcassets */; };
		B83C6B9825D76A5A00F34041 /* Preview Assets.xcassets in Resources */ = {isa = PBXBuildFile; fileRef = B83C6B9725D76A5A00F34041 /* Preview Assets.xcassets */; };
		B83C6BA225D76BB900F34041 /* Movie.swift in Sources */ = {isa = PBXBuildFile; fileRef = B83C6BA125D76BB900F34041 /* Movie.swift */; };
		B83C6BA725D76BFA00F34041 /* MovieView.swift in Sources */ = {isa = PBXBuildFile; fileRef = B83C6BA625D76BFA00F34041 /* MovieView.swift */; };
		B83C6BAB25D76C5B00F34041 /* Home.swift in Sources */ = {isa = PBXBuildFile; fileRef = B83C6BAA25D76C5B00F34041 /* Home.swift */; };
		B8AEF5672616581200C1E292 /* RoomInfo.swift in Sources */ = {isa = PBXBuildFile; fileRef = B8AEF5662616581200C1E292 /* RoomInfo.swift */; };
		B8AEF56B26165E7900C1E292 /* ConfettiView in Frameworks */ = {isa = PBXBuildFile; productRef = B8AEF56A26165E7900C1E292 /* ConfettiView */; };
		B8AEF56E2616695700C1E292 /* Match.swift in Sources */ = {isa = PBXBuildFile; fileRef = B8AEF56D2616695700C1E292 /* Match.swift */; };
/* End PBXBuildFile section */

/* Begin PBXFileReference section */
		B830ED3725F71C4A00E66EF6 /* LiquidSwipe.swift */ = {isa = PBXFileReference; fileEncoding = 4; lastKnownFileType = sourcecode.swift; path = LiquidSwipe.swift; sourceTree = "<group>"; };
		B830ED3825F71C4A00E66EF6 /* ProfilePage.swift */ = {isa = PBXFileReference; fileEncoding = 4; lastKnownFileType = sourcecode.swift; path = ProfilePage.swift; sourceTree = "<group>"; };
		B830ED3D25F71C6500E66EF6 /* Login.swift */ = {isa = PBXFileReference; fileEncoding = 4; lastKnownFileType = sourcecode.swift; path = Login.swift; sourceTree = "<group>"; };
		B830ED3E25F71C6500E66EF6 /* Register.swift */ = {isa = PBXFileReference; fileEncoding = 4; lastKnownFileType = sourcecode.swift; path = Register.swift; sourceTree = "<group>"; };
		B830ED3F25F71C6500E66EF6 /* Onboarding.swift */ = {isa = PBXFileReference; fileEncoding = 4; lastKnownFileType = sourcecode.swift; path = Onboarding.swift; sourceTree = "<group>"; };
		B830ED4025F71C6500E66EF6 /* RoomCode.swift */ = {isa = PBXFileReference; fileEncoding = 4; lastKnownFileType = sourcecode.swift; path = RoomCode.swift; sourceTree = "<group>"; };
		B830ED4125F71C6500E66EF6 /* HeaderBar.swift */ = {isa = PBXFileReference; fileEncoding = 4; lastKnownFileType = sourcecode.swift; path = HeaderBar.swift; sourceTree = "<group>"; };
		B830ED4925F71CC600E66EF6 /* ColorHex.swift */ = {isa = PBXFileReference; fileEncoding = 4; lastKnownFileType = sourcecode.swift; path = ColorHex.swift; sourceTree = "<group>"; };
		B83C6B8D25D76A5700F34041 /* MediaMatcher.app */ = {isa = PBXFileReference; explicitFileType = wrapper.application; includeInIndex = 0; path = MediaMatcher.app; sourceTree = BUILT_PRODUCTS_DIR; };
		B83C6B9025D76A5700F34041 /* MediaMatcherApp.swift */ = {isa = PBXFileReference; lastKnownFileType = sourcecode.swift; path = MediaMatcherApp.swift; sourceTree = "<group>"; };
		B83C6B9225D76A5700F34041 /* ContentView.swift */ = {isa = PBXFileReference; lastKnownFileType = sourcecode.swift; path = ContentView.swift; sourceTree = "<group>"; };
		B83C6B9425D76A5A00F34041 /* Assets.xcassets */ = {isa = PBXFileReference; lastKnownFileType = folder.assetcatalog; path = Assets.xcassets; sourceTree = "<group>"; };
		B83C6B9725D76A5A00F34041 /* Preview Assets.xcassets */ = {isa = PBXFileReference; lastKnownFileType = folder.assetcatalog; path = "Preview Assets.xcassets"; sourceTree = "<group>"; };
		B83C6B9925D76A5A00F34041 /* Info.plist */ = {isa = PBXFileReference; lastKnownFileType = text.plist.xml; path = Info.plist; sourceTree = "<group>"; };
		B83C6BA125D76BB900F34041 /* Movie.swift */ = {isa = PBXFileReference; lastKnownFileType = sourcecode.swift; path = Movie.swift; sourceTree = "<group>"; };
		B83C6BA625D76BFA00F34041 /* MovieView.swift */ = {isa = PBXFileReference; lastKnownFileType = sourcecode.swift; path = MovieView.swift; sourceTree = "<group>"; };
		B83C6BAA25D76C5B00F34041 /* Home.swift */ = {isa = PBXFileReference; lastKnownFileType = sourcecode.swift; path = Home.swift; sourceTree = "<group>"; };
		B8AEF5662616581200C1E292 /* RoomInfo.swift */ = {isa = PBXFileReference; lastKnownFileType = sourcecode.swift; path = RoomInfo.swift; sourceTree = "<group>"; };
		B8AEF56D2616695700C1E292 /* Match.swift */ = {isa = PBXFileReference; lastKnownFileType = sourcecode.swift; path = Match.swift; sourceTree = "<group>"; };
/* End PBXFileReference section */

/* Begin PBXFrameworksBuildPhase section */
		B83C6B8A25D76A5700F34041 /* Frameworks */ = {
			isa = PBXFrameworksBuildPhase;
			buildActionMask = 2147483647;
			files = (
				B8AEF56B26165E7900C1E292 /* ConfettiView in Frameworks */,
			);
			runOnlyForDeploymentPostprocessing = 0;
		};
/* End PBXFrameworksBuildPhase section */

/* Begin PBXGroup section */
		B830ED3625F71C4A00E66EF6 /* Profile */ = {
			isa = PBXGroup;
			children = (
				B830ED3725F71C4A00E66EF6 /* LiquidSwipe.swift */,
				B830ED3825F71C4A00E66EF6 /* ProfilePage.swift */,
			);
			path = Profile;
			sourceTree = "<group>";
		};
		B830ED3C25F71C6500E66EF6 /* Onboarding */ = {
			isa = PBXGroup;
			children = (
				B830ED3D25F71C6500E66EF6 /* Login.swift */,
				B830ED3E25F71C6500E66EF6 /* Register.swift */,
				B830ED3F25F71C6500E66EF6 /* Onboarding.swift */,
				B830ED4025F71C6500E66EF6 /* RoomCode.swift */,
				B830ED4125F71C6500E66EF6 /* HeaderBar.swift */,
			);
			path = Onboarding;
			sourceTree = "<group>";
		};
		B830ED4825F71CC600E66EF6 /* Extensions */ = {
			isa = PBXGroup;
			children = (
				B830ED4925F71CC600E66EF6 /* ColorHex.swift */,
			);
			path = Extensions;
			sourceTree = "<group>";
		};
		B83C6B8425D76A5700F34041 = {
			isa = PBXGroup;
			children = (
				B83C6B8F25D76A5700F34041 /* MediaMatcher */,
				B83C6B8E25D76A5700F34041 /* Products */,
			);
			sourceTree = "<group>";
		};
		B83C6B8E25D76A5700F34041 /* Products */ = {
			isa = PBXGroup;
			children = (
				B83C6B8D25D76A5700F34041 /* MediaMatcher.app */,
			);
			name = Products;
			sourceTree = "<group>";
		};
		B83C6B8F25D76A5700F34041 /* MediaMatcher */ = {
			isa = PBXGroup;
			children = (
				B830ED4825F71CC600E66EF6 /* Extensions */,
				B830ED3C25F71C6500E66EF6 /* Onboarding */,
				B830ED3625F71C4A00E66EF6 /* Profile */,
				B83C6BA525D76BE400F34041 /* Home */,
				B83C6BA025D76BAC00F34041 /* Models */,
				B83C6B9025D76A5700F34041 /* MediaMatcherApp.swift */,
				B83C6B9225D76A5700F34041 /* ContentView.swift */,
				B83C6B9425D76A5A00F34041 /* Assets.xcassets */,
				B83C6B9925D76A5A00F34041 /* Info.plist */,
				B83C6B9625D76A5A00F34041 /* Preview Content */,
			);
			path = MediaMatcher;
			sourceTree = "<group>";
		};
		B83C6B9625D76A5A00F34041 /* Preview Content */ = {
			isa = PBXGroup;
			children = (
				B83C6B9725D76A5A00F34041 /* Preview Assets.xcassets */,
			);
			path = "Preview Content";
			sourceTree = "<group>";
		};
		B83C6BA025D76BAC00F34041 /* Models */ = {
			isa = PBXGroup;
			children = (
				B83C6BA125D76BB900F34041 /* Movie.swift */,
			);
			path = Models;
			sourceTree = "<group>";
		};
		B83C6BA525D76BE400F34041 /* Home */ = {
			isa = PBXGroup;
			children = (
				B83C6BA625D76BFA00F34041 /* MovieView.swift */,
				B83C6BAA25D76C5B00F34041 /* Home.swift */,
				B8AEF5662616581200C1E292 /* RoomInfo.swift */,
				B8AEF56D2616695700C1E292 /* Match.swift */,
			);
			path = Home;
			sourceTree = "<group>";
		};
/* End PBXGroup section */

/* Begin PBXNativeTarget section */
		B83C6B8C25D76A5700F34041 /* MediaMatcher */ = {
			isa = PBXNativeTarget;
			buildConfigurationList = B83C6B9C25D76A5A00F34041 /* Build configuration list for PBXNativeTarget "MediaMatcher" */;
			buildPhases = (
				B83C6B8925D76A5700F34041 /* Sources */,
				B83C6B8A25D76A5700F34041 /* Frameworks */,
				B83C6B8B25D76A5700F34041 /* Resources */,
			);
			buildRules = (
			);
			dependencies = (
			);
			name = MediaMatcher;
			packageProductDependencies = (
				B8AEF56A26165E7900C1E292 /* ConfettiView */,
			);
			productName = MediaMatcher;
			productReference = B83C6B8D25D76A5700F34041 /* MediaMatcher.app */;
			productType = "com.apple.product-type.application";
		};
/* End PBXNativeTarget section */

/* Begin PBXProject section */
		B83C6B8525D76A5700F34041 /* Project object */ = {
			isa = PBXProject;
			attributes = {
				LastSwiftUpdateCheck = 1240;
				LastUpgradeCheck = 1240;
				TargetAttributes = {
					B83C6B8C25D76A5700F34041 = {
						CreatedOnToolsVersion = 12.4;
					};
				};
			};
			buildConfigurationList = B83C6B8825D76A5700F34041 /* Build configuration list for PBXProject "MediaMatcher" */;
			compatibilityVersion = "Xcode 9.3";
			developmentRegion = en;
			hasScannedForEncodings = 0;
			knownRegions = (
				en,
				Base,
			);
			mainGroup = B83C6B8425D76A5700F34041;
			packageReferences = (
				B8AEF56926165E7900C1E292 /* XCRemoteSwiftPackageReference "ConfettiView" */,
			);
			productRefGroup = B83C6B8E25D76A5700F34041 /* Products */;
			projectDirPath = "";
			projectRoot = "";
			targets = (
				B83C6B8C25D76A5700F34041 /* MediaMatcher */,
			);
		};
/* End PBXProject section */

/* Begin PBXResourcesBuildPhase section */
		B83C6B8B25D76A5700F34041 /* Resources */ = {
			isa = PBXResourcesBuildPhase;
			buildActionMask = 2147483647;
			files = (
				B83C6B9825D76A5A00F34041 /* Preview Assets.xcassets in Resources */,
				B83C6B9525D76A5A00F34041 /* Assets.xcassets in Resources */,
			);
			runOnlyForDeploymentPostprocessing = 0;
		};
/* End PBXResourcesBuildPhase section */

/* Begin PBXSourcesBuildPhase section */
		B83C6B8925D76A5700F34041 /* Sources */ = {
			isa = PBXSourcesBuildPhase;
			buildActionMask = 2147483647;
			files = (
				B830ED4625F71C6500E66EF6 /* HeaderBar.swift in Sources */,
				B830ED3925F71C4A00E66EF6 /* LiquidSwipe.swift in Sources */,
				B83C6BA725D76BFA00F34041 /* MovieView.swift in Sources */,
				B830ED4425F71C6500E66EF6 /* Onboarding.swift in Sources */,
				B8AEF5672616581200C1E292 /* RoomInfo.swift in Sources */,
				B83C6B9325D76A5700F34041 /* ContentView.swift in Sources */,
				B830ED4325F71C6500E66EF6 /* Register.swift in Sources */,
				B830ED3A25F71C4A00E66EF6 /* ProfilePage.swift in Sources */,
				B8AEF56E2616695700C1E292 /* Match.swift in Sources */,
				B830ED4525F71C6500E66EF6 /* RoomCode.swift in Sources */,
				B83C6BAB25D76C5B00F34041 /* Home.swift in Sources */,
				B830ED4A25F71CC600E66EF6 /* ColorHex.swift in Sources */,
				B83C6BA225D76BB900F34041 /* Movie.swift in Sources */,
				B83C6B9125D76A5700F34041 /* MediaMatcherApp.swift in Sources */,
				B830ED4225F71C6500E66EF6 /* Login.swift in Sources */,
			);
			runOnlyForDeploymentPostprocessing = 0;
		};
/* End PBXSourcesBuildPhase section */

/* Begin XCBuildConfiguration section */
		B83C6B9A25D76A5A00F34041 /* Debug */ = {
			isa = XCBuildConfiguration;
			buildSettings = {
				ALWAYS_SEARCH_USER_PATHS = NO;
				CLANG_ANALYZER_NONNULL = YES;
				CLANG_ANALYZER_NUMBER_OBJECT_CONVERSION = YES_AGGRESSIVE;
				CLANG_CXX_LANGUAGE_STANDARD = "gnu++14";
				CLANG_CXX_LIBRARY = "libc++";
				CLANG_ENABLE_MODULES = YES;
				CLANG_ENABLE_OBJC_ARC = YES;
				CLANG_ENABLE_OBJC_WEAK = YES;
				CLANG_WARN_BLOCK_CAPTURE_AUTORELEASING = YES;
				CLANG_WARN_BOOL_CONVERSION = YES;
				CLANG_WARN_COMMA = YES;
				CLANG_WARN_CONSTANT_CONVERSION = YES;
				CLANG_WARN_DEPRECATED_OBJC_IMPLEMENTATIONS = YES;
				CLANG_WARN_DIRECT_OBJC_ISA_USAGE = YES_ERROR;
				CLANG_WARN_DOCUMENTATION_COMMENTS = YES;
				CLANG_WARN_EMPTY_BODY = YES;
				CLANG_WARN_ENUM_CONVERSION = YES;
				CLANG_WARN_INFINITE_RECURSION = YES;
				CLANG_WARN_INT_CONVERSION = YES;
				CLANG_WARN_NON_LITERAL_NULL_CONVERSION = YES;
				CLANG_WARN_OBJC_IMPLICIT_RETAIN_SELF = YES;
				CLANG_WARN_OBJC_LITERAL_CONVERSION = YES;
				CLANG_WARN_OBJC_ROOT_CLASS = YES_ERROR;
				CLANG_WARN_QUOTED_INCLUDE_IN_FRAMEWORK_HEADER = YES;
				CLANG_WARN_RANGE_LOOP_ANALYSIS = YES;
				CLANG_WARN_STRICT_PROTOTYPES = YES;
				CLANG_WARN_SUSPICIOUS_MOVE = YES;
				CLANG_WARN_UNGUARDED_AVAILABILITY = YES_AGGRESSIVE;
				CLANG_WARN_UNREACHABLE_CODE = YES;
				CLANG_WARN__DUPLICATE_METHOD_MATCH = YES;
				COPY_PHASE_STRIP = NO;
				DEBUG_INFORMATION_FORMAT = dwarf;
				ENABLE_STRICT_OBJC_MSGSEND = YES;
				ENABLE_TESTABILITY = YES;
				GCC_C_LANGUAGE_STANDARD = gnu11;
				GCC_DYNAMIC_NO_PIC = NO;
				GCC_NO_COMMON_BLOCKS = YES;
				GCC_OPTIMIZATION_LEVEL = 0;
				GCC_PREPROCESSOR_DEFINITIONS = (
					"DEBUG=1",
					"$(inherited)",
				);
				GCC_WARN_64_TO_32_BIT_CONVERSION = YES;
				GCC_WARN_ABOUT_RETURN_TYPE = YES_ERROR;
				GCC_WARN_UNDECLARED_SELECTOR = YES;
				GCC_WARN_UNINITIALIZED_AUTOS = YES_AGGRESSIVE;
				GCC_WARN_UNUSED_FUNCTION = YES;
				GCC_WARN_UNUSED_VARIABLE = YES;
				IPHONEOS_DEPLOYMENT_TARGET = 14.4;
				MTL_ENABLE_DEBUG_INFO = INCLUDE_SOURCE;
				MTL_FAST_MATH = YES;
				ONLY_ACTIVE_ARCH = YES;
				SDKROOT = iphoneos;
				SWIFT_ACTIVE_COMPILATION_CONDITIONS = DEBUG;
				SWIFT_OPTIMIZATION_LEVEL = "-Onone";
			};
			name = Debug;
		};
		B83C6B9B25D76A5A00F34041 /* Release */ = {
			isa = XCBuildConfiguration;
			buildSettings = {
				ALWAYS_SEARCH_USER_PATHS = NO;
				CLANG_ANALYZER_NONNULL = YES;
				CLANG_ANALYZER_NUMBER_OBJECT_CONVERSION = YES_AGGRESSIVE;
				CLANG_CXX_LANGUAGE_STANDARD = "gnu++14";
				CLANG_CXX_LIBRARY = "libc++";
				CLANG_ENABLE_MODULES = YES;
				CLANG_ENABLE_OBJC_ARC = YES;
				CLANG_ENABLE_OBJC_WEAK = YES;
				CLANG_WARN_BLOCK_CAPTURE_AUTORELEASING = YES;
				CLANG_WARN_BOOL_CONVERSION = YES;
				CLANG_WARN_COMMA = YES;
				CLANG_WARN_CONSTANT_CONVERSION = YES;
				CLANG_WARN_DEPRECATED_OBJC_IMPLEMENTATIONS = YES;
				CLANG_WARN_DIRECT_OBJC_ISA_USAGE = YES_ERROR;
				CLANG_WARN_DOCUMENTATION_COMMENTS = YES;
				CLANG_WARN_EMPTY_BODY = YES;
				CLANG_WARN_ENUM_CONVERSION = YES;
				CLANG_WARN_INFINITE_RECURSION = YES;
				CLANG_WARN_INT_CONVERSION = YES;
				CLANG_WARN_NON_LITERAL_NULL_CONVERSION = YES;
				CLANG_WARN_OBJC_IMPLICIT_RETAIN_SELF = YES;
				CLANG_WARN_OBJC_LITERAL_CONVERSION = YES;
				CLANG_WARN_OBJC_ROOT_CLASS = YES_ERROR;
				CLANG_WARN_QUOTED_INCLUDE_IN_FRAMEWORK_HEADER = YES;
				CLANG_WARN_RANGE_LOOP_ANALYSIS = YES;
				CLANG_WARN_STRICT_PROTOTYPES = YES;
				CLANG_WARN_SUSPICIOUS_MOVE = YES;
				CLANG_WARN_UNGUARDED_AVAILABILITY = YES_AGGRESSIVE;
				CLANG_WARN_UNREACHABLE_CODE = YES;
				CLANG_WARN__DUPLICATE_METHOD_MATCH = YES;
				COPY_PHASE_STRIP = NO;
				DEBUG_INFORMATION_FORMAT = "dwarf-with-dsym";
				ENABLE_NS_ASSERTIONS = NO;
				ENABLE_STRICT_OBJC_MSGSEND = YES;
				GCC_C_LANGUAGE_STANDARD = gnu11;
				GCC_NO_COMMON_BLOCKS = YES;
				GCC_WARN_64_TO_32_BIT_CONVERSION = YES;
				GCC_WARN_ABOUT_RETURN_TYPE = YES_ERROR;
				GCC_WARN_UNDECLARED_SELECTOR = YES;
				GCC_WARN_UNINITIALIZED_AUTOS = YES_AGGRESSIVE;
				GCC_WARN_UNUSED_FUNCTION = YES;
				GCC_WARN_UNUSED_VARIABLE = YES;
				IPHONEOS_DEPLOYMENT_TARGET = 14.4;
				MTL_ENABLE_DEBUG_INFO = NO;
				MTL_FAST_MATH = YES;
				SDKROOT = iphoneos;
				SWIFT_COMPILATION_MODE = wholemodule;
				SWIFT_OPTIMIZATION_LEVEL = "-O";
				VALIDATE_PRODUCT = YES;
			};
			name = Release;
		};
		B83C6B9D25D76A5A00F34041 /* Debug */ = {
			isa = XCBuildConfiguration;
			buildSettings = {
				ASSETCATALOG_COMPILER_APPICON_NAME = AppIcon;
				ASSETCATALOG_COMPILER_GLOBAL_ACCENT_COLOR_NAME = AccentColor;
				CODE_SIGN_STYLE = Automatic;
				DEVELOPMENT_ASSET_PATHS = "\"MediaMatcher/Preview Content\"";
				DEVELOPMENT_TEAM = 4HBR3Z2SY9;
				ENABLE_PREVIEWS = YES;
				INFOPLIST_FILE = MediaMatcher/Info.plist;
				IPHONEOS_DEPLOYMENT_TARGET = 14.0;
				LD_RUNPATH_SEARCH_PATHS = (
					"$(inherited)",
					"@executable_path/Frameworks",
				);
				PRODUCT_BUNDLE_IDENTIFIER = com.CISC492.MediaMatcher;
				PRODUCT_NAME = "$(TARGET_NAME)";
				SWIFT_VERSION = 5.0;
				TARGETED_DEVICE_FAMILY = "1,2";
			};
			name = Debug;
		};
		B83C6B9E25D76A5A00F34041 /* Release */ = {
			isa = XCBuildConfiguration;
			buildSettings = {
				ASSETCATALOG_COMPILER_APPICON_NAME = AppIcon;
				ASSETCATALOG_COMPILER_GLOBAL_ACCENT_COLOR_NAME = AccentColor;
				CODE_SIGN_STYLE = Automatic;
				DEVELOPMENT_ASSET_PATHS = "\"MediaMatcher/Preview Content\"";
				DEVELOPMENT_TEAM = 4HBR3Z2SY9;
				ENABLE_PREVIEWS = YES;
				INFOPLIST_FILE = MediaMatcher/Info.plist;
				IPHONEOS_DEPLOYMENT_TARGET = 14.0;
				LD_RUNPATH_SEARCH_PATHS = (
					"$(inherited)",
					"@executable_path/Frameworks",
				);
				PRODUCT_BUNDLE_IDENTIFIER = com.CISC492.MediaMatcher;
				PRODUCT_NAME = "$(TARGET_NAME)";
				SWIFT_VERSION = 5.0;
				TARGETED_DEVICE_FAMILY = "1,2";
			};
			name = Release;
		};
/* End XCBuildConfiguration section */

/* Begin XCConfigurationList section */
		B83C6B8825D76A5700F34041 /* Build configuration list for PBXProject "MediaMatcher" */ = {
			isa = XCConfigurationList;
			buildConfigurations = (
				B83C6B9A25D76A5A00F34041 /* Debug */,
				B83C6B9B25D76A5A00F34041 /* Release */,
			);
			defaultConfigurationIsVisible = 0;
			defaultConfigurationName = Release;
		};
		B83C6B9C25D76A5A00F34041 /* Build configuration list for PBXNativeTarget "MediaMatcher" */ = {
			isa = XCConfigurationList;
			buildConfigurations = (
				B83C6B9D25D76A5A00F34041 /* Debug */,
				B83C6B9E25D76A5A00F34041 /* Release */,
			);
			defaultConfigurationIsVisible = 0;
			defaultConfigurationName = Release;
		};
/* End XCConfigurationList section */

/* Begin XCRemoteSwiftPackageReference section */
		B8AEF56926165E7900C1E292 /* XCRemoteSwiftPackageReference "ConfettiView" */ = {
			isa = XCRemoteSwiftPackageReference;
			repositoryURL = "https://github.com/ziligy/ConfettiView";
			requirement = {
				kind = upToNextMajorVersion;
				minimumVersion = 1.1.0;
			};
		};
/* End XCRemoteSwiftPackageReference section */

/* Begin XCSwiftPackageProductDependency section */
		B8AEF56A26165E7900C1E292 /* ConfettiView */ = {
			isa = XCSwiftPackageProductDependency;
			package = B8AEF56926165E7900C1E292 /* XCRemoteSwiftPackageReference "ConfettiView" */;
			productName = ConfettiView;
		};
/* End XCSwiftPackageProductDependency section */
	};
	rootObject = B83C6B8525D76A5700F34041 /* Project object */;
}
